// !$*UTF8*$!
{
	archiveVersion = 1;
	classes = {
	};
	objectVersion = 46;
	objects = {

/* Begin PBXBuildFile section */
		8B7AD03219E43FF400CFD1DF /* AppDelegate.swift in Sources */ = {isa = PBXBuildFile; fileRef = 8B7AD03119E43FF400CFD1DF /* AppDelegate.swift */; };
		8B7AD03419E43FF400CFD1DF /* ViewController.swift in Sources */ = {isa = PBXBuildFile; fileRef = 8B7AD03319E43FF400CFD1DF /* ViewController.swift */; };
		8B7AD03719E43FF400CFD1DF /* Main.storyboard in Resources */ = {isa = PBXBuildFile; fileRef = 8B7AD03519E43FF400CFD1DF /* Main.storyboard */; };
		8B7AD03919E43FF400CFD1DF /* Images.xcassets in Resources */ = {isa = PBXBuildFile; fileRef = 8B7AD03819E43FF400CFD1DF /* Images.xcassets */; };
		8B7AD03C19E43FF400CFD1DF /* LaunchScreen.xib in Resources */ = {isa = PBXBuildFile; fileRef = 8B7AD03A19E43FF400CFD1DF /* LaunchScreen.xib */; };
		8B7AD04819E43FF400CFD1DF /* balloonsTests.swift in Sources */ = {isa = PBXBuildFile; fileRef = 8B7AD04719E43FF400CFD1DF /* balloonsTests.swift */; };
		8B7AD05219E44B6000CFD1DF /* BalloonStruct.swift in Sources */ = {isa = PBXBuildFile; fileRef = 8B7AD05119E44B6000CFD1DF /* BalloonStruct.swift */; };
/* End PBXBuildFile section */

/* Begin PBXContainerItemProxy section */
		8B7AD04219E43FF400CFD1DF /* PBXContainerItemProxy */ = {
			isa = PBXContainerItemProxy;
			containerPortal = 8B7AD02419E43FF400CFD1DF /* Project object */;
			proxyType = 1;
			remoteGlobalIDString = 8B7AD02B19E43FF400CFD1DF;
			remoteInfo = balloons;
		};
/* End PBXContainerItemProxy section */

/* Begin PBXFileReference section */
		8B7AD02C19E43FF400CFD1DF /* balloons.app */ = {isa = PBXFileReference; explicitFileType = wrapper.application; includeInIndex = 0; path = balloons.app; sourceTree = BUILT_PRODUCTS_DIR; };
		8B7AD03019E43FF400CFD1DF /* Info.plist */ = {isa = PBXFileReference; lastKnownFileType = text.plist.xml; path = Info.plist; sourceTree = "<group>"; };
		8B7AD03119E43FF400CFD1DF /* AppDelegate.swift */ = {isa = PBXFileReference; lastKnownFileType = sourcecode.swift; path = AppDelegate.swift; sourceTree = "<group>"; };
		8B7AD03319E43FF400CFD1DF /* ViewController.swift */ = {isa = PBXFileReference; lastKnownFileType = sourcecode.swift; path = ViewController.swift; sourceTree = "<group>"; };
		8B7AD03619E43FF400CFD1DF /* Base */ = {isa = PBXFileReference; lastKnownFileType = file.storyboard; name = Base; path = Base.lproj/Main.storyboard; sourceTree = "<group>"; };
		8B7AD03819E43FF400CFD1DF /* Images.xcassets */ = {isa = PBXFileReference; lastKnownFileType = folder.assetcatalog; path = Images.xcassets; sourceTree = "<group>"; };
		8B7AD03B19E43FF400CFD1DF /* Base */ = {isa = PBXFileReference; lastKnownFileType = file.xib; name = Base; path = Base.lproj/LaunchScreen.xib; sourceTree = "<group>"; };
		8B7AD04119E43FF400CFD1DF /* balloonsTests.xctest */ = {isa = PBXFileReference; explicitFileType = wrapper.cfbundle; includeInIndex = 0; path = balloonsTests.xctest; sourceTree = BUILT_PRODUCTS_DIR; };
		8B7AD04619E43FF400CFD1DF /* Info.plist */ = {isa = PBXFileReference; lastKnownFileType = text.plist.xml; path = Info.plist; sourceTree = "<group>"; };
		8B7AD04719E43FF400CFD1DF /* balloonsTests.swift */ = {isa = PBXFileReference; lastKnownFileType = sourcecode.swift; path = balloonsTests.swift; sourceTree = "<group>"; };
		8B7AD05119E44B6000CFD1DF /* BalloonStruct.swift */ = {isa = PBXFileReference; fileEncoding = 4; lastKnownFileType = sourcecode.swift; path = BalloonStruct.swift; sourceTree = "<group>"; };
/* End PBXFileReference section */

/* Begin PBXFrameworksBuildPhase section */
		8B7AD02919E43FF400CFD1DF /* Frameworks */ = {
			isa = PBXFrameworksBuildPhase;
			buildActionMask = 2147483647;
			files = (
			);
			runOnlyForDeploymentPostprocessing = 0;
		};
		8B7AD03E19E43FF400CFD1DF /* Frameworks */ = {
			isa = PBXFrameworksBuildPhase;
			buildActionMask = 2147483647;
			files = (
			);
			runOnlyForDeploymentPostprocessing = 0;
		};
/* End PBXFrameworksBuildPhase section */

/* Begin PBXGroup section */
		8B7AD02319E43FF400CFD1DF = {
			isa = PBXGroup;
			children = (
				8B7AD02E19E43FF400CFD1DF /* balloons */,
				8B7AD04419E43FF400CFD1DF /* balloonsTests */,
				8B7AD02D19E43FF400CFD1DF /* Products */,
			);
			sourceTree = "<group>";
		};
		8B7AD02D19E43FF400CFD1DF /* Products */ = {
			isa = PBXGroup;
			children = (
				8B7AD02C19E43FF400CFD1DF /* balloons.app */,
				8B7AD04119E43FF400CFD1DF /* balloonsTests.xctest */,
			);
			name = Products;
			sourceTree = "<group>";
		};
		8B7AD02E19E43FF400CFD1DF /* balloons */ = {
			isa = PBXGroup;
			children = (
				8B7AD03119E43FF400CFD1DF /* AppDelegate.swift */,
				8B7AD03319E43FF400CFD1DF /* ViewController.swift */,
				8B7AD05119E44B6000CFD1DF /* BalloonStruct.swift */,
				8B7AD03519E43FF400CFD1DF /* Main.storyboard */,
				8B7AD03819E43FF400CFD1DF /* Images.xcassets */,
				8B7AD03A19E43FF400CFD1DF /* LaunchScreen.xib */,
				8B7AD02F19E43FF400CFD1DF /* Supporting Files */,
			);
			path = balloons;
			sourceTree = "<group>";
		};
		8B7AD02F19E43FF400CFD1DF /* Supporting Files */ = {
			isa = PBXGroup;
			children = (
				8B7AD03019E43FF400CFD1DF /* Info.plist */,
			);
			name = "Supporting Files";
			sourceTree = "<group>";
		};
		8B7AD04419E43FF400CFD1DF /* balloonsTests */ = {
			isa = PBXGroup;
			children = (
				8B7AD04719E43FF400CFD1DF /* balloonsTests.swift */,
				8B7AD04519E43FF400CFD1DF /* Supporting Files */,
			);
			path = balloonsTests;
			sourceTree = "<group>";
		};
		8B7AD04519E43FF400CFD1DF /* Supporting Files */ = {
			isa = PBXGroup;
			children = (
				8B7AD04619E43FF400CFD1DF /* Info.plist */,
			);
			name = "Supporting Files";
			sourceTree = "<group>";
		};
/* End PBXGroup section */

/* Begin PBXNativeTarget section */
		8B7AD02B19E43FF400CFD1DF /* balloons */ = {
			isa = PBXNativeTarget;
			buildConfigurationList = 8B7AD04B19E43FF400CFD1DF /* Build configuration list for PBXNativeTarget "balloons" */;
			buildPhases = (
				8B7AD02819E43FF400CFD1DF /* Sources */,
				8B7AD02919E43FF400CFD1DF /* Frameworks */,
				8B7AD02A19E43FF400CFD1DF /* Resources */,
			);
			buildRules = (
			);
			dependencies = (
			);
			name = balloons;
			productName = balloons;
			productReference = 8B7AD02C19E43FF400CFD1DF /* balloons.app */;
			productType = "com.apple.product-type.application";
		};
		8B7AD04019E43FF400CFD1DF /* balloonsTests */ = {
			isa = PBXNativeTarget;
			buildConfigurationList = 8B7AD04E19E43FF400CFD1DF /* Build configuration list for PBXNativeTarget "balloonsTests" */;
			buildPhases = (
				8B7AD03D19E43FF400CFD1DF /* Sources */,
				8B7AD03E19E43FF400CFD1DF /* Frameworks */,
				8B7AD03F19E43FF400CFD1DF /* Resources */,
			);
			buildRules = (
			);
			dependencies = (
				8B7AD04319E43FF400CFD1DF /* PBXTargetDependency */,
			);
			name = balloonsTests;
			productName = balloonsTests;
			productReference = 8B7AD04119E43FF400CFD1DF /* balloonsTests.xctest */;
			productType = "com.apple.product-type.bundle.unit-test";
		};
/* End PBXNativeTarget section */

/* Begin PBXProject section */
		8B7AD02419E43FF400CFD1DF /* Project object */ = {
			isa = PBXProject;
			attributes = {
				LastUpgradeCheck = 0600;
				ORGANIZATIONNAME = wangweiclub;
				TargetAttributes = {
					8B7AD02B19E43FF400CFD1DF = {
						CreatedOnToolsVersion = 6.0.1;
					};
					8B7AD04019E43FF400CFD1DF = {
						CreatedOnToolsVersion = 6.0.1;
						TestTargetID = 8B7AD02B19E43FF400CFD1DF;
					};
				};
			};
			buildConfigurationList = 8B7AD02719E43FF400CFD1DF /* Build configuration list for PBXProject "balloons" */;
			compatibilityVersion = "Xcode 3.2";
			developmentRegion = English;
			hasScannedForEncodings = 0;
			knownRegions = (
				en,
				Base,
			);
			mainGroup = 8B7AD02319E43FF400CFD1DF;
			productRefGroup = 8B7AD02D19E43FF400CFD1DF /* Products */;
			projectDirPath = "";
			projectRoot = "";
			targets = (
				8B7AD02B19E43FF400CFD1DF /* balloons */,
				8B7AD04019E43FF400CFD1DF /* balloonsTests */,
			);
		};
/* End PBXProject section */

/* Begin PBXResourcesBuildPhase section */
		8B7AD02A19E43FF400CFD1DF /* Resources */ = {
			isa = PBXResourcesBuildPhase;
			buildActionMask = 2147483647;
			files = (
				8B7AD03719E43FF400CFD1DF /* Main.storyboard in Resources */,
				8B7AD03C19E43FF400CFD1DF /* LaunchScreen.xib in Resources */,
				8B7AD03919E43FF400CFD1DF /* Images.xcassets in Resources */,
			);
			runOnlyForDeploymentPostprocessing = 0;
		};
		8B7AD03F19E43FF400CFD1DF /* Resources */ = {
			isa = PBXResourcesBuildPhase;
			buildActionMask = 2147483647;
			files = (
			);
			runOnlyForDeploymentPostprocessing = 0;
		};
/* End PBXResourcesBuildPhase section */

/* Begin PBXSourcesBuildPhase section */
		8B7AD02819E43FF400CFD1DF /* Sources */ = {
			isa = PBXSourcesBuildPhase;
			buildActionMask = 2147483647;
			files = (
				8B7AD03419E43FF400CFD1DF /* ViewController.swift in Sources */,
				8B7AD05219E44B6000CFD1DF /* BalloonStruct.swift in Sources */,
				8B7AD03219E43FF400CFD1DF /* AppDelegate.swift in Sources */,
			);
			runOnlyForDeploymentPostprocessing = 0;
		};
		8B7AD03D19E43FF400CFD1DF /* Sources */ = {
			isa = PBXSourcesBuildPhase;
			buildActionMask = 2147483647;
			files = (
				8B7AD04819E43FF400CFD1DF /* balloonsTests.swift in Sources */,
			);
			runOnlyForDeploymentPostprocessing = 0;
		};
/* End PBXSourcesBuildPhase section */

/* Begin PBXTargetDependency section */
		8B7AD04319E43FF400CFD1DF /* PBXTargetDependency */ = {
			isa = PBXTargetDependency;
			target = 8B7AD02B19E43FF400CFD1DF /* balloons */;
			targetProxy = 8B7AD04219E43FF400CFD1DF /* PBXContainerItemProxy */;
		};
/* End PBXTargetDependency section */

/* Begin PBXVariantGroup section */
		8B7AD03519E43FF400CFD1DF /* Main.storyboard */ = {
			isa = PBXVariantGroup;
			children = (
				8B7AD03619E43FF400CFD1DF /* Base */,
			);
			name = Main.storyboard;
			sourceTree = "<group>";
		};
		8B7AD03A19E43FF400CFD1DF /* LaunchScreen.xib */ = {
			isa = PBXVariantGroup;
			children = (
				8B7AD03B19E43FF400CFD1DF /* Base */,
			);
			name = LaunchScreen.xib;
			sourceTree = "<group>";
		};
/* End PBXVariantGroup section */

/* Begin XCBuildConfiguration section */
		8B7AD04919E43FF400CFD1DF /* Debug */ = {
			isa = XCBuildConfiguration;
			buildSettings = {
				ALWAYS_SEARCH_USER_PATHS = NO;
				CLANG_CXX_LANGUAGE_STANDARD = "gnu++0x";
				CLANG_CXX_LIBRARY = "libc++";
				CLANG_ENABLE_MODULES = YES;
				CLANG_ENABLE_OBJC_ARC = YES;
				CLANG_WARN_BOOL_CONVERSION = YES;
				CLANG_WARN_CONSTANT_CONVERSION = YES;
				CLANG_WARN_DIRECT_OBJC_ISA_USAGE = YES_ERROR;
				CLANG_WARN_EMPTY_BODY = YES;
				CLANG_WARN_ENUM_CONVERSION = YES;
				CLANG_WARN_INT_CONVERSION = YES;
				CLANG_WARN_OBJC_ROOT_CLASS = YES_ERROR;
				CLANG_WARN_UNREACHABLE_CODE = YES;
				CLANG_WARN__DUPLICATE_METHOD_MATCH = YES;
				"CODE_SIGN_IDENTITY[sdk=iphoneos*]" = "iPhone Developer";
				COPY_PHASE_STRIP = NO;
				ENABLE_STRICT_OBJC_MSGSEND = YES;
				GCC_C_LANGUAGE_STANDARD = gnu99;
				GCC_DYNAMIC_NO_PIC = NO;
				GCC_OPTIMIZATION_LEVEL = 0;
				GCC_PREPROCESSOR_DEFINITIONS = (
					"DEBUG=1",
					"$(inherited)",
				);
				GCC_SYMBOLS_PRIVATE_EXTERN = NO;
				GCC_WARN_64_TO_32_BIT_CONVERSION = YES;
				GCC_WARN_ABOUT_RETURN_TYPE = YES_ERROR;
				GCC_WARN_UNDECLARED_SELECTOR = YES;
				GCC_WARN_UNINITIALIZED_AUTOS = YES_AGGRESSIVE;
				GCC_WARN_UNUSED_FUNCTION = YES;
				GCC_WARN_UNUSED_VARIABLE = YES;
				IPHONEOS_DEPLOYMENT_TARGET = 8.0;
				MTL_ENABLE_DEBUG_INFO = YES;
				ONLY_ACTIVE_ARCH = YES;
				SDKROOT = iphoneos;
				SWIFT_OPTIMIZATION_LEVEL = "-Onone";
			};
			name = Debug;
		};
		8B7AD04A19E43FF400CFD1DF /* Release */ = {
			isa = XCBuildConfiguration;
			buildSettings = {
				ALWAYS_SEARCH_USER_PATHS = NO;
				CLANG_CXX_LANGUAGE_STANDARD = "gnu++0x";
				CLANG_CXX_LIBRARY = "libc++";
				CLANG_ENABLE_MODULES = YES;
				CLANG_ENABLE_OBJC_ARC = YES;
				CLANG_WARN_BOOL_CONVERSION = YES;
				CLANG_WARN_CONSTANT_CONVERSION = YES;
				CLANG_WARN_DIRECT_OBJC_ISA_USAGE = YES_ERROR;
				CLANG_WARN_EMPTY_BODY = YES;
				CLANG_WARN_ENUM_CONVERSION = YES;
				CLANG_WARN_INT_CONVERSION = YES;
				CLANG_WARN_OBJC_ROOT_CLASS = YES_ERROR;
				CLANG_WARN_UNREACHABLE_CODE = YES;
				CLANG_WARN__DUPLICATE_METHOD_MATCH = YES;
				"CODE_SIGN_IDENTITY[sdk=iphoneos*]" = "iPhone Developer";
				COPY_PHASE_STRIP = YES;
				ENABLE_NS_ASSERTIONS = NO;
				ENABLE_STRICT_OBJC_MSGSEND = YES;
				GCC_C_LANGUAGE_STANDARD = gnu99;
				GCC_WARN_64_TO_32_BIT_CONVERSION = YES;
				GCC_WARN_ABOUT_RETURN_TYPE = YES_ERROR;
				GCC_WARN_UNDECLARED_SELECTOR = YES;
				GCC_WARN_UNINITIALIZED_AUTOS = YES_AGGRESSIVE;
				GCC_WARN_UNUSED_FUNCTION = YES;
				GCC_WARN_UNUSED_VARIABLE = YES;
				IPHONEOS_DEPLOYMENT_TARGET = 8.0;
				MTL_ENABLE_DEBUG_INFO = NO;
				SDKROOT = iphoneos;
				VALIDATE_PRODUCT = YES;
			};
			name = Release;
		};
		8B7AD04C19E43FF400CFD1DF /* Debug */ = {
			isa = XCBuildConfiguration;
			buildSettings = {
				ASSETCATALOG_COMPILER_APPICON_NAME = AppIcon;
				INFOPLIST_FILE = balloons/Info.plist;
				LD_RUNPATH_SEARCH_PATHS = "$(inherited) @executable_path/Frameworks";
				PRODUCT_NAME = "$(TARGET_NAME)";
			};
			name = Debug;
		};
		8B7AD04D19E43FF400CFD1DF /* Release */ = {
			isa = XCBuildConfiguration;
			buildSettings = {
				ASSETCATALOG_COMPILER_APPICON_NAME = AppIcon;
				INFOPLIST_FILE = balloons/Info.plist;
				LD_RUNPATH_SEARCH_PATHS = "$(inherited) @executable_path/Frameworks";
				PRODUCT_NAME = "$(TARGET_NAME)";
			};
			name = Release;
		};
		8B7AD04F19E43FF400CFD1DF /* Debug */ = {
			isa = XCBuildConfiguration;
			buildSettings = {
				BUNDLE_LOADER = "$(TEST_HOST)";
				FRAMEWORK_SEARCH_PATHS = (
					"$(SDKROOT)/Developer/Library/Frameworks",
					"$(inherited)",
				);
				GCC_PREPROCESSOR_DEFINITIONS = (
					"DEBUG=1",
					"$(inherited)",
				);
				INFOPLIST_FILE = balloonsTests/Info.plist;
				LD_RUNPATH_SEARCH_PATHS = "$(inherited) @executable_path/Frameworks @loader_path/Frameworks";
				PRODUCT_NAME = "$(TARGET_NAME)";
				TEST_HOST = "$(BUILT_PRODUCTS_DIR)/balloons.app/balloons";
			};
			name = Debug;
		};
		8B7AD05019E43FF400CFD1DF /* Release */ = {
			isa = XCBuildConfiguration;
			buildSettings = {
				BUNDLE_LOADER = "$(TEST_HOST)";
				FRAMEWORK_SEARCH_PATHS = (
					"$(SDKROOT)/Developer/Library/Frameworks",
					"$(inherited)",
				);
				INFOPLIST_FILE = balloonsTests/Info.plist;
				LD_RUNPATH_SEARCH_PATHS = "$(inherited) @executable_path/Frameworks @loader_path/Frameworks";
				PRODUCT_NAME = "$(TARGET_NAME)";
				TEST_HOST = "$(BUILT_PRODUCTS_DIR)/balloons.app/balloons";
			};
			name = Release;
		};
/* End XCBuildConfiguration section */

/* Begin XCConfigurationList section */
		8B7AD02719E43FF400CFD1DF /* Build configuration list for PBXProject "balloons" */ = {
			isa = XCConfigurationList;
			buildConfigurations = (
				8B7AD04919E43FF400CFD1DF /* Debug */,
				8B7AD04A19E43FF400CFD1DF /* Release */,
			);
			defaultConfigurationIsVisible = 0;
			defaultConfigurationName = Release;
		};
		8B7AD04B19E43FF400CFD1DF /* Build configuration list for PBXNativeTarget "balloons" */ = {
			isa = XCConfigurationList;
			buildConfigurations = (
				8B7AD04C19E43FF400CFD1DF /* Debug */,
				8B7AD04D19E43FF400CFD1DF /* Release */,
			);
			defaultConfigurationIsVisible = 0;
		};
		8B7AD04E19E43FF400CFD1DF /* Build configuration list for PBXNativeTarget "balloonsTests" */ = {
			isa = XCConfigurationList;
			buildConfigurations = (
				8B7AD04F19E43FF400CFD1DF /* Debug */,
				8B7AD05019E43FF400CFD1DF /* Release */,
			);
			defaultConfigurationIsVisible = 0;
		};
/* End XCConfigurationList section */
	};
	rootObject = 8B7AD02419E43FF400CFD1DF /* Project object */;
}
